
Microsoft Visual Studio Solution File, Format Version 12.00
# Visual Studio Version 17
VisualStudioVersion = 17.13.35806.99 d17.13
MinimumVisualStudioVersion = 10.0.40219.1
Project("{FAE04EC0-301F-11D3-BF4B-00C04F79EFBC}") = "LibraryManagementSystem", "LibraryManagementSystem.csproj", "{6A470B81-D530-4D28-8A05-F40888821C97}"
EndProject
Global
	GlobalSection(SolutionConfigurationPlatforms) = preSolution
		Debug|Any CPU = Debug|Any CPU
		Release|Any CPU = Release|Any CPU
	EndGlobalSection
	GlobalSection(ProjectConfigurationPlatforms) = postSolution
		{6A470B81-D530-4D28-8A05-F40888821C97}.Debug|Any CPU.ActiveCfg = Debug|Any CPU
		{6A470B81-D530-4D28-8A05-F40888821C97}.Debug|Any CPU.Build.0 = Debug|Any CPU
		{6A470B81-D530-4D28-8A05-F40888821C97}.Release|Any CPU.ActiveCfg = Release|Any CPU
		{6A470B81-D530-4D28-8A05-F40888821C97}.Release|Any CPU.Build.0 = Release|Any CPU
	EndGlobalSection
	GlobalSection(SolutionProperties) = preSolution
		HideSolutionNode = FALSE
	EndGlobalSection
	GlobalSection(ExtensibilityGlobals) = postSolution
		SolutionGuid = {84D19DB7-A935-40C3-9D04-97FEC459969B}
	EndGlobalSection
EndGlobal
